
Microsoft Visual Studio Solution File, Format Version 12.00
# Visual Studio Version 16
VisualStudioVersion = 16.0.31911.196
MinimumVisualStudioVersion = 10.0.40219.1
Project("{FAE04EC0-301F-11D3-BF4B-00C04F79EFBC}") = "GB-lesn02prt01", "GB-lesn02prt01\GB-lesn02prt01.csproj", "{AB99DC61-9F5D-48DE-9204-3657BEF31581}"
EndProject
Global
	GlobalSection(SolutionConfigurationPlatforms) = preSolution
		Debug|Any CPU = Debug|Any CPU
		Release|Any CPU = Release|Any CPU
	EndGlobalSection
	GlobalSection(ProjectConfigurationPlatforms) = postSolution
		{AB99DC61-9F5D-48DE-9204-3657BEF31581}.Debug|Any CPU.ActiveCfg = Debug|Any CPU
		{AB99DC61-9F5D-48DE-9204-3657BEF31581}.Debug|Any CPU.Build.0 = Debug|Any CPU
		{AB99DC61-9F5D-48DE-9204-3657BEF31581}.Release|Any CPU.ActiveCfg = Release|Any CPU
		{AB99DC61-9F5D-48DE-9204-3657BEF31581}.Release|Any CPU.Build.0 = Release|Any CPU
	EndGlobalSection
	GlobalSection(SolutionProperties) = preSolution
		HideSolutionNode = FALSE
	EndGlobalSection
	GlobalSection(ExtensibilityGlobals) = postSolution
		SolutionGuid = {467B130D-EABD-483C-8F7D-24901BCF3698}
	EndGlobalSection
EndGlobal
